
Microsoft Visual Studio Solution File, Format Version 11.00
# Visual C++ Express 2010
Project("{8BC9CEB8-8B4A-11D0-8D11-00A0C91BC942}") = "UnitTestApp", "UnitTestApp.vcxproj", "{81BBAD35-9805-440E-801D-0FC8B51F3385}"
EndProject
Global
	GlobalSection(SolutionConfigurationPlatforms) = preSolution
		Debug|Win32 = Debug|Win32
		Release|Win32 = Release|Win32
	EndGlobalSection
	GlobalSection(ProjectConfigurationPlatforms) = postSolution
		{81BBAD35-9805-440E-801D-0FC8B51F3385}.Debug|Win32.ActiveCfg = Debug|Win32
		{81BBAD35-9805-440E-801D-0FC8B51F3385}.Debug|Win32.Build.0 = Debug|Win32
		{81BBAD35-9805-440E-801D-0FC8B51F3385}.Release|Win32.ActiveCfg = Release|Win32
		{81BBAD35-9805-440E-801D-0FC8B51F3385}.Release|Win32.Build.0 = Release|Win32
	EndGlobalSection
	GlobalSection(SolutionProperties) = preSolution
		HideSolutionNode = FALSE
	EndGlobalSection
EndGlobal
